
Microsoft Visual Studio Solution File, Format Version 12.00
# Visual Studio 15
VisualStudioVersion = 15.0.26730.16
MinimumVisualStudioVersion = 10.0.40219.1
Project("{FAE04EC0-301F-11D3-BF4B-00C04F79EFBC}") = "LocalDatabase", "refactor-this\LocalDatabase.csproj", "{C721E62A-6485-494D-AEDF-A1CD1CC8C689}"
EndProject
Project("{FAE04EC0-301F-11D3-BF4B-00C04F79EFBC}") = "DataEntities", "Entities\DataEntities.csproj", "{AF279A3B-AAC4-4F85-A14F-B31E91F5270F}"
EndProject
Project("{FAE04EC0-301F-11D3-BF4B-00C04F79EFBC}") = "ApiModels", "ApiModel\ApiModels.csproj", "{09DF9CFD-EDDF-43D5-900F-D1AF6631FFE9}"
EndProject
Project("{FAE04EC0-301F-11D3-BF4B-00C04F79EFBC}") = "DataAccess", "DataAccess\DataAccess.csproj", "{6B1E3200-3550-49A2-9C24-6C4847665310}"
EndProject
Project("{FAE04EC0-301F-11D3-BF4B-00C04F79EFBC}") = "WebApi", "WebApi\WebApi.csproj", "{CB9A80DA-3508-46BE-BC00-BE1AB4F42061}"
EndProject
Global
	GlobalSection(SolutionConfigurationPlatforms) = preSolution
		Debug|Any CPU = Debug|Any CPU
		Release|Any CPU = Release|Any CPU
	EndGlobalSection
	GlobalSection(ProjectConfigurationPlatforms) = postSolution
		{C721E62A-6485-494D-AEDF-A1CD1CC8C689}.Debug|Any CPU.ActiveCfg = Debug|Any CPU
		{C721E62A-6485-494D-AEDF-A1CD1CC8C689}.Debug|Any CPU.Build.0 = Debug|Any CPU
		{C721E62A-6485-494D-AEDF-A1CD1CC8C689}.Release|Any CPU.ActiveCfg = Release|Any CPU
		{C721E62A-6485-494D-AEDF-A1CD1CC8C689}.Release|Any CPU.Build.0 = Release|Any CPU
		{AF279A3B-AAC4-4F85-A14F-B31E91F5270F}.Debug|Any CPU.ActiveCfg = Debug|Any CPU
		{AF279A3B-AAC4-4F85-A14F-B31E91F5270F}.Debug|Any CPU.Build.0 = Debug|Any CPU
		{AF279A3B-AAC4-4F85-A14F-B31E91F5270F}.Release|Any CPU.ActiveCfg = Release|Any CPU
		{AF279A3B-AAC4-4F85-A14F-B31E91F5270F}.Release|Any CPU.Build.0 = Release|Any CPU
		{09DF9CFD-EDDF-43D5-900F-D1AF6631FFE9}.Debug|Any CPU.ActiveCfg = Debug|Any CPU
		{09DF9CFD-EDDF-43D5-900F-D1AF6631FFE9}.Debug|Any CPU.Build.0 = Debug|Any CPU
		{09DF9CFD-EDDF-43D5-900F-D1AF6631FFE9}.Release|Any CPU.ActiveCfg = Release|Any CPU
		{09DF9CFD-EDDF-43D5-900F-D1AF6631FFE9}.Release|Any CPU.Build.0 = Release|Any CPU
		{6B1E3200-3550-49A2-9C24-6C4847665310}.Debug|Any CPU.ActiveCfg = Debug|Any CPU
		{6B1E3200-3550-49A2-9C24-6C4847665310}.Debug|Any CPU.Build.0 = Debug|Any CPU
		{6B1E3200-3550-49A2-9C24-6C4847665310}.Release|Any CPU.ActiveCfg = Release|Any CPU
		{6B1E3200-3550-49A2-9C24-6C4847665310}.Release|Any CPU.Build.0 = Release|Any CPU
		{CB9A80DA-3508-46BE-BC00-BE1AB4F42061}.Debug|Any CPU.ActiveCfg = Debug|Any CPU
		{CB9A80DA-3508-46BE-BC00-BE1AB4F42061}.Debug|Any CPU.Build.0 = Debug|Any CPU
		{CB9A80DA-3508-46BE-BC00-BE1AB4F42061}.Release|Any CPU.ActiveCfg = Release|Any CPU
		{CB9A80DA-3508-46BE-BC00-BE1AB4F42061}.Release|Any CPU.Build.0 = Release|Any CPU
	EndGlobalSection
	GlobalSection(SolutionProperties) = preSolution
		HideSolutionNode = FALSE
	EndGlobalSection
	GlobalSection(ExtensibilityGlobals) = postSolution
		SolutionGuid = {5A4C5186-EB73-4774-B029-BCBA9613E8C2}
	EndGlobalSection
EndGlobal
